
Microsoft Visual Studio Solution File, Format Version 12.00
# Visual Studio Version 17
VisualStudioVersion = 17.9.34607.119
MinimumVisualStudioVersion = 10.0.40219.1
Project("{FAE04EC0-301F-11D3-BF4B-00C04F79EFBC}") = "ExceptionHomework", "ExceptionHomework\ExceptionHomework.csproj", "{28CD91EF-83CF-4AB3-A52A-55CB483E73CD}"
EndProject
Global
	GlobalSection(SolutionConfigurationPlatforms) = preSolution
		Debug|Any CPU = Debug|Any CPU
		Release|Any CPU = Release|Any CPU
	EndGlobalSection
	GlobalSection(ProjectConfigurationPlatforms) = postSolution
		{28CD91EF-83CF-4AB3-A52A-55CB483E73CD}.Debug|Any CPU.ActiveCfg = Debug|Any CPU
		{28CD91EF-83CF-4AB3-A52A-55CB483E73CD}.Debug|Any CPU.Build.0 = Debug|Any CPU
		{28CD91EF-83CF-4AB3-A52A-55CB483E73CD}.Release|Any CPU.ActiveCfg = Release|Any CPU
		{28CD91EF-83CF-4AB3-A52A-55CB483E73CD}.Release|Any CPU.Build.0 = Release|Any CPU
	EndGlobalSection
	GlobalSection(SolutionProperties) = preSolution
		HideSolutionNode = FALSE
	EndGlobalSection
	GlobalSection(ExtensibilityGlobals) = postSolution
		SolutionGuid = {E346437F-7EDD-4173-AF0D-8181142D055C}
	EndGlobalSection
EndGlobal
